// !$*UTF8*$!
{
	archiveVersion = 1;
	classes = {
	};
	objectVersion = 55;
	objects = {

/* Begin PBXBuildFile section */
		B50F82F828F9370200FB72A7 /* Drawable.swift in Sources */ = {isa = PBXBuildFile; fileRef = B50F82F728F9370200FB72A7 /* Drawable.swift */; };
		B50F82FA28F9386500FB72A7 /* Routing.swift in Sources */ = {isa = PBXBuildFile; fileRef = B50F82F928F9386500FB72A7 /* Routing.swift */; };
		B50F82FC28F9394200FB72A7 /* Router.swift in Sources */ = {isa = PBXBuildFile; fileRef = B50F82FB28F9394200FB72A7 /* Router.swift */; };
		B570027028F6EEFD0022FFA2 /* CityTableViewCell.xib in Resources */ = {isa = PBXBuildFile; fileRef = B5DBA0B028F536B40040031F /* CityTableViewCell.xib */; };
		B570027328F7D0C90022FFA2 /* AirportsViewController.swift in Sources */ = {isa = PBXBuildFile; fileRef = B570027228F7D0C90022FFA2 /* AirportsViewController.swift */; };
		B570027528F7D1F70022FFA2 /* AirportsViewModel.swift in Sources */ = {isa = PBXBuildFile; fileRef = B570027428F7D1F70022FFA2 /* AirportsViewModel.swift */; };
		B570027728F7DF160022FFA2 /* AirportsCoordinator.swift in Sources */ = {isa = PBXBuildFile; fileRef = B570027628F7DF160022FFA2 /* AirportsCoordinator.swift */; };
		B570027A28F7F14B0022FFA2 /* AirportTableViewCell.swift in Sources */ = {isa = PBXBuildFile; fileRef = B570027828F7F14B0022FFA2 /* AirportTableViewCell.swift */; };
		B570027B28F7F14B0022FFA2 /* AirportTableViewCell.xib in Resources */ = {isa = PBXBuildFile; fileRef = B570027928F7F14B0022FFA2 /* AirportTableViewCell.xib */; };
		B570027D28F80A510022FFA2 /* AirportViewModel.swift in Sources */ = {isa = PBXBuildFile; fileRef = B570027C28F80A510022FFA2 /* AirportViewModel.swift */; };
		B570028028F8355F0022FFA2 /* LocationService.swift in Sources */ = {isa = PBXBuildFile; fileRef = B570027F28F8355F0022FFA2 /* LocationService.swift */; };
		B5DBA0AB28F52BA20040031F /* CityViewModel.swift in Sources */ = {isa = PBXBuildFile; fileRef = B5DBA0AA28F52BA20040031F /* CityViewModel.swift */; };
		B5DBA0B128F536B40040031F /* CityTableViewCell.swift in Sources */ = {isa = PBXBuildFile; fileRef = B5DBA0AF28F536B40040031F /* CityTableViewCell.swift */; };
		B5E7BC3928F2DD8300896D2A /* AppDelegate.swift in Sources */ = {isa = PBXBuildFile; fileRef = B5E7BC3828F2DD8300896D2A /* AppDelegate.swift */; };
		B5E7BC3B28F2DD8300896D2A /* SceneDelegate.swift in Sources */ = {isa = PBXBuildFile; fileRef = B5E7BC3A28F2DD8300896D2A /* SceneDelegate.swift */; };
		B5E7BC3D28F2DD8300896D2A /* SearchCityAirportsViewController.swift in Sources */ = {isa = PBXBuildFile; fileRef = B5E7BC3C28F2DD8300896D2A /* SearchCityAirportsViewController.swift */; };
		B5E7BC4028F2DD8300896D2A /* Main.storyboard in Resources */ = {isa = PBXBuildFile; fileRef = B5E7BC3E28F2DD8300896D2A /* Main.storyboard */; };
		B5E7BC4228F2DD8500896D2A /* Assets.xcassets in Resources */ = {isa = PBXBuildFile; fileRef = B5E7BC4128F2DD8500896D2A /* Assets.xcassets */; };
		B5E7BC4528F2DD8500896D2A /* LaunchScreen.storyboard in Resources */ = {isa = PBXBuildFile; fileRef = B5E7BC4328F2DD8500896D2A /* LaunchScreen.storyboard */; };
		B5E7BC4E28F2DDB300896D2A /* RxCocoa in Frameworks */ = {isa = PBXBuildFile; productRef = B5E7BC4D28F2DDB300896D2A /* RxCocoa */; };
		B5E7BC5028F2DDB300896D2A /* RxSwift in Frameworks */ = {isa = PBXBuildFile; productRef = B5E7BC4F28F2DDB300896D2A /* RxSwift */; };
		B5E7BC5328F2DDF300896D2A /* Alamofire in Frameworks */ = {isa = PBXBuildFile; productRef = B5E7BC5228F2DDF300896D2A /* Alamofire */; };
		B5E7BC5628F2E02D00896D2A /* Differentiator in Frameworks */ = {isa = PBXBuildFile; productRef = B5E7BC5528F2E02D00896D2A /* Differentiator */; };
		B5E7BC5828F2E02D00896D2A /* RxDataSources in Frameworks */ = {isa = PBXBuildFile; productRef = B5E7BC5728F2E02D00896D2A /* RxDataSources */; };
		B5E7BC5F28F2E67B00896D2A /* SearchCityViewModel.swift in Sources */ = {isa = PBXBuildFile; fileRef = B5E7BC5E28F2E67B00896D2A /* SearchCityViewModel.swift */; };
		B5E7BC6228F2EE9900896D2A /* SearchCityCoordinator.swift in Sources */ = {isa = PBXBuildFile; fileRef = B5E7BC6128F2EE9900896D2A /* SearchCityCoordinator.swift */; };
		B5E7BC6428F2EEE400896D2A /* Coordinator.swift in Sources */ = {isa = PBXBuildFile; fileRef = B5E7BC6328F2EEE400896D2A /* Coordinator.swift */; };
		B5E7BC6628F2F0D800896D2A /* BaseCoordinator.swift in Sources */ = {isa = PBXBuildFile; fileRef = B5E7BC6528F2F0D800896D2A /* BaseCoordinator.swift */; };
		B5E7BC6928F2F26400896D2A /* Storyboardable.swift in Sources */ = {isa = PBXBuildFile; fileRef = B5E7BC6828F2F26400896D2A /* Storyboardable.swift */; };
		B5E7BC6B28F2F90800896D2A /* AppCoordinator.swift in Sources */ = {isa = PBXBuildFile; fileRef = B5E7BC6A28F2F90800896D2A /* AppCoordinator.swift */; };
		B5EB091C28F3E9F50010C33E /* HttpRouter.swift in Sources */ = {isa = PBXBuildFile; fileRef = B5EB091B28F3E9F50010C33E /* HttpRouter.swift */; };
		B5EB091E28F3EB380010C33E /* HttpService.swift in Sources */ = {isa = PBXBuildFile; fileRef = B5EB091D28F3EB380010C33E /* HttpService.swift */; };
		B5EB092028F3ECD90010C33E /* AirportHttpService.swift in Sources */ = {isa = PBXBuildFile; fileRef = B5EB091F28F3ECD90010C33E /* AirportHttpService.swift */; };
		B5EB092228F3EE5D0010C33E /* AirportHttpRouter.swift in Sources */ = {isa = PBXBuildFile; fileRef = B5EB092128F3EE5D0010C33E /* AirportHttpRouter.swift */; };
		B5EB092428F3F2DB0010C33E /* AirportService .swift in Sources */ = {isa = PBXBuildFile; fileRef = B5EB092328F3F2DB0010C33E /* AirportService .swift */; };
		B5EB092628F3F32F0010C33E /* AirportApi.swift in Sources */ = {isa = PBXBuildFile; fileRef = B5EB092528F3F32F0010C33E /* AirportApi.swift */; };
		B5EB092828F3F4210010C33E /* AirportModel.swift in Sources */ = {isa = PBXBuildFile; fileRef = B5EB092728F3F4210010C33E /* AirportModel.swift */; };
		B5EB092A28F41E5F0010C33E /* CustomError.swift in Sources */ = {isa = PBXBuildFile; fileRef = B5EB092928F41E5F0010C33E /* CustomError.swift */; };
/* End PBXBuildFile section */

/* Begin PBXFileReference section */
		B50F82F728F9370200FB72A7 /* Drawable.swift */ = {isa = PBXFileReference; lastKnownFileType = sourcecode.swift; path = Drawable.swift; sourceTree = "<group>"; };
		B50F82F928F9386500FB72A7 /* Routing.swift */ = {isa = PBXFileReference; lastKnownFileType = sourcecode.swift; path = Routing.swift; sourceTree = "<group>"; };
		B50F82FB28F9394200FB72A7 /* Router.swift */ = {isa = PBXFileReference; lastKnownFileType = sourcecode.swift; path = Router.swift; sourceTree = "<group>"; };
		B570027228F7D0C90022FFA2 /* AirportsViewController.swift */ = {isa = PBXFileReference; lastKnownFileType = sourcecode.swift; path = AirportsViewController.swift; sourceTree = "<group>"; };
		B570027428F7D1F70022FFA2 /* AirportsViewModel.swift */ = {isa = PBXFileReference; lastKnownFileType = sourcecode.swift; path = AirportsViewModel.swift; sourceTree = "<group>"; };
		B570027628F7DF160022FFA2 /* AirportsCoordinator.swift */ = {isa = PBXFileReference; lastKnownFileType = sourcecode.swift; path = AirportsCoordinator.swift; sourceTree = "<group>"; };
		B570027828F7F14B0022FFA2 /* AirportTableViewCell.swift */ = {isa = PBXFileReference; lastKnownFileType = sourcecode.swift; path = AirportTableViewCell.swift; sourceTree = "<group>"; };
		B570027928F7F14B0022FFA2 /* AirportTableViewCell.xib */ = {isa = PBXFileReference; lastKnownFileType = file.xib; path = AirportTableViewCell.xib; sourceTree = "<group>"; };
		B570027C28F80A510022FFA2 /* AirportViewModel.swift */ = {isa = PBXFileReference; lastKnownFileType = sourcecode.swift; path = AirportViewModel.swift; sourceTree = "<group>"; };
		B570027F28F8355F0022FFA2 /* LocationService.swift */ = {isa = PBXFileReference; lastKnownFileType = sourcecode.swift; path = LocationService.swift; sourceTree = "<group>"; };
		B5DBA0AA28F52BA20040031F /* CityViewModel.swift */ = {isa = PBXFileReference; lastKnownFileType = sourcecode.swift; path = CityViewModel.swift; sourceTree = "<group>"; };
		B5DBA0AF28F536B40040031F /* CityTableViewCell.swift */ = {isa = PBXFileReference; lastKnownFileType = sourcecode.swift; path = CityTableViewCell.swift; sourceTree = "<group>"; };
		B5DBA0B028F536B40040031F /* CityTableViewCell.xib */ = {isa = PBXFileReference; lastKnownFileType = file.xib; path = CityTableViewCell.xib; sourceTree = "<group>"; };
		B5E7BC3528F2DD8300896D2A /* Airports.app */ = {isa = PBXFileReference; explicitFileType = wrapper.application; includeInIndex = 0; path = Airports.app; sourceTree = BUILT_PRODUCTS_DIR; };
		B5E7BC3828F2DD8300896D2A /* AppDelegate.swift */ = {isa = PBXFileReference; lastKnownFileType = sourcecode.swift; path = AppDelegate.swift; sourceTree = "<group>"; };
		B5E7BC3A28F2DD8300896D2A /* SceneDelegate.swift */ = {isa = PBXFileReference; lastKnownFileType = sourcecode.swift; path = SceneDelegate.swift; sourceTree = "<group>"; };
		B5E7BC3C28F2DD8300896D2A /* SearchCityAirportsViewController.swift */ = {isa = PBXFileReference; lastKnownFileType = sourcecode.swift; path = SearchCityAirportsViewController.swift; sourceTree = "<group>"; };
		B5E7BC3F28F2DD8300896D2A /* Base */ = {isa = PBXFileReference; lastKnownFileType = file.storyboard; name = Base; path = Base.lproj/Main.storyboard; sourceTree = "<group>"; };
		B5E7BC4128F2DD8500896D2A /* Assets.xcassets */ = {isa = PBXFileReference; lastKnownFileType = folder.assetcatalog; path = Assets.xcassets; sourceTree = "<group>"; };
		B5E7BC4428F2DD8500896D2A /* Base */ = {isa = PBXFileReference; lastKnownFileType = file.storyboard; name = Base; path = Base.lproj/LaunchScreen.storyboard; sourceTree = "<group>"; };
		B5E7BC4628F2DD8500896D2A /* Info.plist */ = {isa = PBXFileReference; lastKnownFileType = text.plist.xml; path = Info.plist; sourceTree = "<group>"; };
		B5E7BC5E28F2E67B00896D2A /* SearchCityViewModel.swift */ = {isa = PBXFileReference; lastKnownFileType = sourcecode.swift; path = SearchCityViewModel.swift; sourceTree = "<group>"; };
		B5E7BC6128F2EE9900896D2A /* SearchCityCoordinator.swift */ = {isa = PBXFileReference; lastKnownFileType = sourcecode.swift; path = SearchCityCoordinator.swift; sourceTree = "<group>"; };
		B5E7BC6328F2EEE400896D2A /* Coordinator.swift */ = {isa = PBXFileReference; lastKnownFileType = sourcecode.swift; path = Coordinator.swift; sourceTree = "<group>"; };
		B5E7BC6528F2F0D800896D2A /* BaseCoordinator.swift */ = {isa = PBXFileReference; lastKnownFileType = sourcecode.swift; path = BaseCoordinator.swift; sourceTree = "<group>"; };
		B5E7BC6828F2F26400896D2A /* Storyboardable.swift */ = {isa = PBXFileReference; lastKnownFileType = sourcecode.swift; path = Storyboardable.swift; sourceTree = "<group>"; };
		B5E7BC6A28F2F90800896D2A /* AppCoordinator.swift */ = {isa = PBXFileReference; lastKnownFileType = sourcecode.swift; path = AppCoordinator.swift; sourceTree = "<group>"; };
		B5EB091B28F3E9F50010C33E /* HttpRouter.swift */ = {isa = PBXFileReference; lastKnownFileType = sourcecode.swift; path = HttpRouter.swift; sourceTree = "<group>"; };
		B5EB091D28F3EB380010C33E /* HttpService.swift */ = {isa = PBXFileReference; lastKnownFileType = sourcecode.swift; path = HttpService.swift; sourceTree = "<group>"; };
		B5EB091F28F3ECD90010C33E /* AirportHttpService.swift */ = {isa = PBXFileReference; lastKnownFileType = sourcecode.swift; path = AirportHttpService.swift; sourceTree = "<group>"; };
		B5EB092128F3EE5D0010C33E /* AirportHttpRouter.swift */ = {isa = PBXFileReference; lastKnownFileType = sourcecode.swift; path = AirportHttpRouter.swift; sourceTree = "<group>"; };
		B5EB092328F3F2DB0010C33E /* AirportService .swift */ = {isa = PBXFileReference; lastKnownFileType = sourcecode.swift; path = "AirportService .swift"; sourceTree = "<group>"; };
		B5EB092528F3F32F0010C33E /* AirportApi.swift */ = {isa = PBXFileReference; lastKnownFileType = sourcecode.swift; path = AirportApi.swift; sourceTree = "<group>"; };
		B5EB092728F3F4210010C33E /* AirportModel.swift */ = {isa = PBXFileReference; lastKnownFileType = sourcecode.swift; path = AirportModel.swift; sourceTree = "<group>"; };
		B5EB092928F41E5F0010C33E /* CustomError.swift */ = {isa = PBXFileReference; lastKnownFileType = sourcecode.swift; path = CustomError.swift; sourceTree = "<group>"; };
/* End PBXFileReference section */

/* Begin PBXFrameworksBuildPhase section */
		B5E7BC3228F2DD8300896D2A /* Frameworks */ = {
			isa = PBXFrameworksBuildPhase;
			buildActionMask = 2147483647;
			files = (
				B5E7BC5628F2E02D00896D2A /* Differentiator in Frameworks */,
				B5E7BC5328F2DDF300896D2A /* Alamofire in Frameworks */,
				B5E7BC5028F2DDB300896D2A /* RxSwift in Frameworks */,
				B5E7BC5828F2E02D00896D2A /* RxDataSources in Frameworks */,
				B5E7BC4E28F2DDB300896D2A /* RxCocoa in Frameworks */,
			);
			runOnlyForDeploymentPostprocessing = 0;
		};
/* End PBXFrameworksBuildPhase section */

/* Begin PBXGroup section */
		B50F82F628F936E500FB72A7 /* Router */ = {
			isa = PBXGroup;
			children = (
				B50F82F728F9370200FB72A7 /* Drawable.swift */,
				B50F82F928F9386500FB72A7 /* Routing.swift */,
				B50F82FB28F9394200FB72A7 /* Router.swift */,
			);
			path = Router;
			sourceTree = "<group>";
		};
		B570027128F7D0A50022FFA2 /* Controllers */ = {
			isa = PBXGroup;
			children = (
				B5E7BC3C28F2DD8300896D2A /* SearchCityAirportsViewController.swift */,
				B570027228F7D0C90022FFA2 /* AirportsViewController.swift */,
			);
			path = Controllers;
			sourceTree = "<group>";
		};
		B570027E28F835430022FFA2 /* Location */ = {
			isa = PBXGroup;
			children = (
				B570027F28F8355F0022FFA2 /* LocationService.swift */,
			);
			path = Location;
			sourceTree = "<group>";
		};
		B5DBA0AC28F536540040031F /* Cell */ = {
			isa = PBXGroup;
			children = (
				B5DBA0AF28F536B40040031F /* CityTableViewCell.swift */,
				B5DBA0B028F536B40040031F /* CityTableViewCell.xib */,
				B570027828F7F14B0022FFA2 /* AirportTableViewCell.swift */,
				B570027928F7F14B0022FFA2 /* AirportTableViewCell.xib */,
			);
			path = Cell;
			sourceTree = "<group>";
		};
		B5E7BC2C28F2DD8300896D2A = {
			isa = PBXGroup;
			children = (
				B5E7BC3728F2DD8300896D2A /* Airports */,
				B5E7BC3628F2DD8300896D2A /* Products */,
			);
			sourceTree = "<group>";
		};
		B5E7BC3628F2DD8300896D2A /* Products */ = {
			isa = PBXGroup;
			children = (
				B5E7BC3528F2DD8300896D2A /* Airports.app */,
			);
			name = Products;
			sourceTree = "<group>";
		};
		B5E7BC3728F2DD8300896D2A /* Airports */ = {
			isa = PBXGroup;
			children = (
				B50F82F628F936E500FB72A7 /* Router */,
				B5EB091928F3E98B0010C33E /* Service */,
				B5E7BC6728F2F24400896D2A /* Extensions */,
				B5E7BC6028F2EE5200896D2A /* Coordinator */,
				B5E7BC5D28F2E5D800896D2A /* Model */,
				B5E7BC5C28F2E5C500896D2A /* ViewModel */,
				B5E7BC5B28F2E5BD00896D2A /* App */,
				B5E7BC5928F2E58A00896D2A /* View */,
				B5E7BC4128F2DD8500896D2A /* Assets.xcassets */,
				B5E7BC4628F2DD8500896D2A /* Info.plist */,
			);
			path = Airports;
			sourceTree = "<group>";
		};
		B5E7BC5928F2E58A00896D2A /* View */ = {
			isa = PBXGroup;
			children = (
				B5DBA0AC28F536540040031F /* Cell */,
				B5E7BC5A28F2E59700896D2A /* Storyboards */,
				B570027128F7D0A50022FFA2 /* Controllers */,
			);
			path = View;
			sourceTree = "<group>";
		};
		B5E7BC5A28F2E59700896D2A /* Storyboards */ = {
			isa = PBXGroup;
			children = (
				B5E7BC3E28F2DD8300896D2A /* Main.storyboard */,
				B5E7BC4328F2DD8500896D2A /* LaunchScreen.storyboard */,
			);
			path = Storyboards;
			sourceTree = "<group>";
		};
		B5E7BC5B28F2E5BD00896D2A /* App */ = {
			isa = PBXGroup;
			children = (
				B5E7BC3828F2DD8300896D2A /* AppDelegate.swift */,
				B5E7BC3A28F2DD8300896D2A /* SceneDelegate.swift */,
			);
			path = App;
			sourceTree = "<group>";
		};
		B5E7BC5C28F2E5C500896D2A /* ViewModel */ = {
			isa = PBXGroup;
			children = (
				B5E7BC5E28F2E67B00896D2A /* SearchCityViewModel.swift */,
				B5DBA0AA28F52BA20040031F /* CityViewModel.swift */,
				B570027428F7D1F70022FFA2 /* AirportsViewModel.swift */,
				B570027C28F80A510022FFA2 /* AirportViewModel.swift */,
			);
			path = ViewModel;
			sourceTree = "<group>";
		};
		B5E7BC5D28F2E5D800896D2A /* Model */ = {
			isa = PBXGroup;
			children = (
				B5EB092728F3F4210010C33E /* AirportModel.swift */,
				B5EB092928F41E5F0010C33E /* CustomError.swift */,
			);
			path = Model;
			sourceTree = "<group>";
		};
		B5E7BC6028F2EE5200896D2A /* Coordinator */ = {
			isa = PBXGroup;
			children = (
				B5E7BC6128F2EE9900896D2A /* SearchCityCoordinator.swift */,
				B5E7BC6328F2EEE400896D2A /* Coordinator.swift */,
				B5E7BC6528F2F0D800896D2A /* BaseCoordinator.swift */,
				B5E7BC6A28F2F90800896D2A /* AppCoordinator.swift */,
				B570027628F7DF160022FFA2 /* AirportsCoordinator.swift */,
			);
			path = Coordinator;
			sourceTree = "<group>";
		};
		B5E7BC6728F2F24400896D2A /* Extensions */ = {
			isa = PBXGroup;
			children = (
				B5E7BC6828F2F26400896D2A /* Storyboardable.swift */,
			);
			path = Extensions;
			sourceTree = "<group>";
		};
		B5EB091928F3E98B0010C33E /* Service */ = {
			isa = PBXGroup;
			children = (
				B570027E28F835430022FFA2 /* Location */,
				B5EB091A28F3E9980010C33E /* HTTP */,
				B5EB092328F3F2DB0010C33E /* AirportService .swift */,
				B5EB092528F3F32F0010C33E /* AirportApi.swift */,
			);
			path = Service;
			sourceTree = "<group>";
		};
		B5EB091A28F3E9980010C33E /* HTTP */ = {
			isa = PBXGroup;
			children = (
				B5EB091B28F3E9F50010C33E /* HttpRouter.swift */,
				B5EB091D28F3EB380010C33E /* HttpService.swift */,
				B5EB091F28F3ECD90010C33E /* AirportHttpService.swift */,
				B5EB092128F3EE5D0010C33E /* AirportHttpRouter.swift */,
			);
			path = HTTP;
			sourceTree = "<group>";
		};
/* End PBXGroup section */

/* Begin PBXNativeTarget section */
		B5E7BC3428F2DD8300896D2A /* Airports */ = {
			isa = PBXNativeTarget;
			buildConfigurationList = B5E7BC4928F2DD8500896D2A /* Build configuration list for PBXNativeTarget "Airports" */;
			buildPhases = (
				B5E7BC3128F2DD8300896D2A /* Sources */,
				B5E7BC3228F2DD8300896D2A /* Frameworks */,
				B5E7BC3328F2DD8300896D2A /* Resources */,
			);
			buildRules = (
			);
			dependencies = (
			);
			name = Airports;
			packageProductDependencies = (
				B5E7BC4D28F2DDB300896D2A /* RxCocoa */,
				B5E7BC4F28F2DDB300896D2A /* RxSwift */,
				B5E7BC5228F2DDF300896D2A /* Alamofire */,
				B5E7BC5528F2E02D00896D2A /* Differentiator */,
				B5E7BC5728F2E02D00896D2A /* RxDataSources */,
			);
			productName = Airports;
			productReference = B5E7BC3528F2DD8300896D2A /* Airports.app */;
			productType = "com.apple.product-type.application";
		};
/* End PBXNativeTarget section */

/* Begin PBXProject section */
		B5E7BC2D28F2DD8300896D2A /* Project object */ = {
			isa = PBXProject;
			attributes = {
				BuildIndependentTargetsInParallel = 1;
				LastSwiftUpdateCheck = 1320;
				LastUpgradeCheck = 1320;
				TargetAttributes = {
					B5E7BC3428F2DD8300896D2A = {
						CreatedOnToolsVersion = 13.2.1;
					};
				};
			};
			buildConfigurationList = B5E7BC3028F2DD8300896D2A /* Build configuration list for PBXProject "Airports" */;
			compatibilityVersion = "Xcode 13.0";
			developmentRegion = en;
			hasScannedForEncodings = 0;
			knownRegions = (
				en,
				Base,
			);
			mainGroup = B5E7BC2C28F2DD8300896D2A;
			packageReferences = (
				B5E7BC4C28F2DDB300896D2A /* XCRemoteSwiftPackageReference "RxSwift" */,
				B5E7BC5128F2DDF300896D2A /* XCRemoteSwiftPackageReference "Alamofire" */,
				B5E7BC5428F2E02D00896D2A /* XCRemoteSwiftPackageReference "RxDataSources" */,
			);
			productRefGroup = B5E7BC3628F2DD8300896D2A /* Products */;
			projectDirPath = "";
			projectRoot = "";
			targets = (
				B5E7BC3428F2DD8300896D2A /* Airports */,
			);
		};
/* End PBXProject section */

/* Begin PBXResourcesBuildPhase section */
		B5E7BC3328F2DD8300896D2A /* Resources */ = {
			isa = PBXResourcesBuildPhase;
			buildActionMask = 2147483647;
			files = (
				B5E7BC4528F2DD8500896D2A /* LaunchScreen.storyboard in Resources */,
				B570027B28F7F14B0022FFA2 /* AirportTableViewCell.xib in Resources */,
				B5E7BC4228F2DD8500896D2A /* Assets.xcassets in Resources */,
				B570027028F6EEFD0022FFA2 /* CityTableViewCell.xib in Resources */,
				B5E7BC4028F2DD8300896D2A /* Main.storyboard in Resources */,
			);
			runOnlyForDeploymentPostprocessing = 0;
		};
/* End PBXResourcesBuildPhase section */

/* Begin PBXSourcesBuildPhase section */
		B5E7BC3128F2DD8300896D2A /* Sources */ = {
			isa = PBXSourcesBuildPhase;
			buildActionMask = 2147483647;
			files = (
				B5E7BC3D28F2DD8300896D2A /* SearchCityAirportsViewController.swift in Sources */,
				B5EB092228F3EE5D0010C33E /* AirportHttpRouter.swift in Sources */,
				B570027728F7DF160022FFA2 /* AirportsCoordinator.swift in Sources */,
				B5EB092A28F41E5F0010C33E /* CustomError.swift in Sources */,
				B5EB091E28F3EB380010C33E /* HttpService.swift in Sources */,
				B5E7BC3928F2DD8300896D2A /* AppDelegate.swift in Sources */,
				B5EB091C28F3E9F50010C33E /* HttpRouter.swift in Sources */,
				B5E7BC6428F2EEE400896D2A /* Coordinator.swift in Sources */,
				B5DBA0AB28F52BA20040031F /* CityViewModel.swift in Sources */,
				B50F82FA28F9386500FB72A7 /* Routing.swift in Sources */,
				B5EB092028F3ECD90010C33E /* AirportHttpService.swift in Sources */,
				B5E7BC6228F2EE9900896D2A /* SearchCityCoordinator.swift in Sources */,
				B5EB092428F3F2DB0010C33E /* AirportService .swift in Sources */,
				B5E7BC6928F2F26400896D2A /* Storyboardable.swift in Sources */,
				B570027A28F7F14B0022FFA2 /* AirportTableViewCell.swift in Sources */,
				B570027D28F80A510022FFA2 /* AirportViewModel.swift in Sources */,
				B5E7BC6628F2F0D800896D2A /* BaseCoordinator.swift in Sources */,
				B5E7BC6B28F2F90800896D2A /* AppCoordinator.swift in Sources */,
				B570028028F8355F0022FFA2 /* LocationService.swift in Sources */,
				B570027328F7D0C90022FFA2 /* AirportsViewController.swift in Sources */,
				B570027528F7D1F70022FFA2 /* AirportsViewModel.swift in Sources */,
				B5DBA0B128F536B40040031F /* CityTableViewCell.swift in Sources */,
				B5E7BC5F28F2E67B00896D2A /* SearchCityViewModel.swift in Sources */,
				B5E7BC3B28F2DD8300896D2A /* SceneDelegate.swift in Sources */,
				B50F82FC28F9394200FB72A7 /* Router.swift in Sources */,
				B5EB092628F3F32F0010C33E /* AirportApi.swift in Sources */,
				B5EB092828F3F4210010C33E /* AirportModel.swift in Sources */,
				B50F82F828F9370200FB72A7 /* Drawable.swift in Sources */,
			);
			runOnlyForDeploymentPostprocessing = 0;
		};
/* End PBXSourcesBuildPhase section */

/* Begin PBXVariantGroup section */
		B5E7BC3E28F2DD8300896D2A /* Main.storyboard */ = {
			isa = PBXVariantGroup;
			children = (
				B5E7BC3F28F2DD8300896D2A /* Base */,
			);
			name = Main.storyboard;
			sourceTree = "<group>";
		};
		B5E7BC4328F2DD8500896D2A /* LaunchScreen.storyboard */ = {
			isa = PBXVariantGroup;
			children = (
				B5E7BC4428F2DD8500896D2A /* Base */,
			);
			name = LaunchScreen.storyboard;
			sourceTree = "<group>";
		};
/* End PBXVariantGroup section */

/* Begin XCBuildConfiguration section */
		B5E7BC4728F2DD8500896D2A /* Debug */ = {
			isa = XCBuildConfiguration;
			buildSettings = {
				ALWAYS_SEARCH_USER_PATHS = NO;
				CLANG_ANALYZER_NONNULL = YES;
				CLANG_ANALYZER_NUMBER_OBJECT_CONVERSION = YES_AGGRESSIVE;
				CLANG_CXX_LANGUAGE_STANDARD = "gnu++17";
				CLANG_CXX_LIBRARY = "libc++";
				CLANG_ENABLE_MODULES = YES;
				CLANG_ENABLE_OBJC_ARC = YES;
				CLANG_ENABLE_OBJC_WEAK = YES;
				CLANG_WARN_BLOCK_CAPTURE_AUTORELEASING = YES;
				CLANG_WARN_BOOL_CONVERSION = YES;
				CLANG_WARN_COMMA = YES;
				CLANG_WARN_CONSTANT_CONVERSION = YES;
				CLANG_WARN_DEPRECATED_OBJC_IMPLEMENTATIONS = YES;
				CLANG_WARN_DIRECT_OBJC_ISA_USAGE = YES_ERROR;
				CLANG_WARN_DOCUMENTATION_COMMENTS = YES;
				CLANG_WARN_EMPTY_BODY = YES;
				CLANG_WARN_ENUM_CONVERSION = YES;
				CLANG_WARN_INFINITE_RECURSION = YES;
				CLANG_WARN_INT_CONVERSION = YES;
				CLANG_WARN_NON_LITERAL_NULL_CONVERSION = YES;
				CLANG_WARN_OBJC_IMPLICIT_RETAIN_SELF = YES;
				CLANG_WARN_OBJC_LITERAL_CONVERSION = YES;
				CLANG_WARN_OBJC_ROOT_CLASS = YES_ERROR;
				CLANG_WARN_QUOTED_INCLUDE_IN_FRAMEWORK_HEADER = YES;
				CLANG_WARN_RANGE_LOOP_ANALYSIS = YES;
				CLANG_WARN_STRICT_PROTOTYPES = YES;
				CLANG_WARN_SUSPICIOUS_MOVE = YES;
				CLANG_WARN_UNGUARDED_AVAILABILITY = YES_AGGRESSIVE;
				CLANG_WARN_UNREACHABLE_CODE = YES;
				CLANG_WARN__DUPLICATE_METHOD_MATCH = YES;
				COPY_PHASE_STRIP = NO;
				DEBUG_INFORMATION_FORMAT = dwarf;
				ENABLE_STRICT_OBJC_MSGSEND = YES;
				ENABLE_TESTABILITY = YES;
				GCC_C_LANGUAGE_STANDARD = gnu11;
				GCC_DYNAMIC_NO_PIC = NO;
				GCC_NO_COMMON_BLOCKS = YES;
				GCC_OPTIMIZATION_LEVEL = 0;
				GCC_PREPROCESSOR_DEFINITIONS = (
					"DEBUG=1",
					"$(inherited)",
				);
				GCC_WARN_64_TO_32_BIT_CONVERSION = YES;
				GCC_WARN_ABOUT_RETURN_TYPE = YES_ERROR;
				GCC_WARN_UNDECLARED_SELECTOR = YES;
				GCC_WARN_UNINITIALIZED_AUTOS = YES_AGGRESSIVE;
				GCC_WARN_UNUSED_FUNCTION = YES;
				GCC_WARN_UNUSED_VARIABLE = YES;
				IPHONEOS_DEPLOYMENT_TARGET = 15.2;
				MTL_ENABLE_DEBUG_INFO = INCLUDE_SOURCE;
				MTL_FAST_MATH = YES;
				ONLY_ACTIVE_ARCH = YES;
				SDKROOT = iphoneos;
				SWIFT_ACTIVE_COMPILATION_CONDITIONS = DEBUG;
				SWIFT_OPTIMIZATION_LEVEL = "-Onone";
			};
			name = Debug;
		};
		B5E7BC4828F2DD8500896D2A /* Release */ = {
			isa = XCBuildConfiguration;
			buildSettings = {
				ALWAYS_SEARCH_USER_PATHS = NO;
				CLANG_ANALYZER_NONNULL = YES;
				CLANG_ANALYZER_NUMBER_OBJECT_CONVERSION = YES_AGGRESSIVE;
				CLANG_CXX_LANGUAGE_STANDARD = "gnu++17";
				CLANG_CXX_LIBRARY = "libc++";
				CLANG_ENABLE_MODULES = YES;
				CLANG_ENABLE_OBJC_ARC = YES;
				CLANG_ENABLE_OBJC_WEAK = YES;
				CLANG_WARN_BLOCK_CAPTURE_AUTORELEASING = YES;
				CLANG_WARN_BOOL_CONVERSION = YES;
				CLANG_WARN_COMMA = YES;
				CLANG_WARN_CONSTANT_CONVERSION = YES;
				CLANG_WARN_DEPRECATED_OBJC_IMPLEMENTATIONS = YES;
				CLANG_WARN_DIRECT_OBJC_ISA_USAGE = YES_ERROR;
				CLANG_WARN_DOCUMENTATION_COMMENTS = YES;
				CLANG_WARN_EMPTY_BODY = YES;
				CLANG_WARN_ENUM_CONVERSION = YES;
				CLANG_WARN_INFINITE_RECURSION = YES;
				CLANG_WARN_INT_CONVERSION = YES;
				CLANG_WARN_NON_LITERAL_NULL_CONVERSION = YES;
				CLANG_WARN_OBJC_IMPLICIT_RETAIN_SELF = YES;
				CLANG_WARN_OBJC_LITERAL_CONVERSION = YES;
				CLANG_WARN_OBJC_ROOT_CLASS = YES_ERROR;
				CLANG_WARN_QUOTED_INCLUDE_IN_FRAMEWORK_HEADER = YES;
				CLANG_WARN_RANGE_LOOP_ANALYSIS = YES;
				CLANG_WARN_STRICT_PROTOTYPES = YES;
				CLANG_WARN_SUSPICIOUS_MOVE = YES;
				CLANG_WARN_UNGUARDED_AVAILABILITY = YES_AGGRESSIVE;
				CLANG_WARN_UNREACHABLE_CODE = YES;
				CLANG_WARN__DUPLICATE_METHOD_MATCH = YES;
				COPY_PHASE_STRIP = NO;
				DEBUG_INFORMATION_FORMAT = "dwarf-with-dsym";
				ENABLE_NS_ASSERTIONS = NO;
				ENABLE_STRICT_OBJC_MSGSEND = YES;
				GCC_C_LANGUAGE_STANDARD = gnu11;
				GCC_NO_COMMON_BLOCKS = YES;
				GCC_WARN_64_TO_32_BIT_CONVERSION = YES;
				GCC_WARN_ABOUT_RETURN_TYPE = YES_ERROR;
				GCC_WARN_UNDECLARED_SELECTOR = YES;
				GCC_WARN_UNINITIALIZED_AUTOS = YES_AGGRESSIVE;
				GCC_WARN_UNUSED_FUNCTION = YES;
				GCC_WARN_UNUSED_VARIABLE = YES;
				IPHONEOS_DEPLOYMENT_TARGET = 15.2;
				MTL_ENABLE_DEBUG_INFO = NO;
				MTL_FAST_MATH = YES;
				SDKROOT = iphoneos;
				SWIFT_COMPILATION_MODE = wholemodule;
				SWIFT_OPTIMIZATION_LEVEL = "-O";
				VALIDATE_PRODUCT = YES;
			};
			name = Release;
		};
		B5E7BC4A28F2DD8500896D2A /* Debug */ = {
			isa = XCBuildConfiguration;
			buildSettings = {
				ASSETCATALOG_COMPILER_APPICON_NAME = AppIcon;
				ASSETCATALOG_COMPILER_GLOBAL_ACCENT_COLOR_NAME = AccentColor;
				CODE_SIGN_STYLE = Automatic;
				CURRENT_PROJECT_VERSION = 1;
				DEVELOPMENT_TEAM = GQU4PC2XPJ;
				GENERATE_INFOPLIST_FILE = YES;
				INFOPLIST_FILE = Airports/Info.plist;
				INFOPLIST_KEY_NSLocationAlwaysAndWhenInUseUsageDescription = "";
				INFOPLIST_KEY_NSLocationWhenInUseUsageDescription = "";
				INFOPLIST_KEY_UIApplicationSupportsIndirectInputEvents = YES;
				INFOPLIST_KEY_UILaunchStoryboardName = LaunchScreen;
				INFOPLIST_KEY_UISupportedInterfaceOrientations = UIInterfaceOrientationPortrait;
				INFOPLIST_KEY_UISupportedInterfaceOrientations_iPad = "UIInterfaceOrientationPortrait UIInterfaceOrientationPortraitUpsideDown UIInterfaceOrientationLandscapeLeft UIInterfaceOrientationLandscapeRight";
				INFOPLIST_KEY_UISupportedInterfaceOrientations_iPhone = "UIInterfaceOrientationPortrait UIInterfaceOrientationLandscapeLeft UIInterfaceOrientationLandscapeRight";
				IPHONEOS_DEPLOYMENT_TARGET = 15.2;
				LD_RUNPATH_SEARCH_PATHS = (
					"$(inherited)",
					"@executable_path/Frameworks",
				);
				MARKETING_VERSION = 1.0;
				PRODUCT_BUNDLE_IDENTIFIER = "Maksim-Ozhgibecov.Airports";
				PRODUCT_NAME = "$(TARGET_NAME)";
				SWIFT_EMIT_LOC_STRINGS = YES;
				SWIFT_VERSION = 5.0;
				TARGETED_DEVICE_FAMILY = "1,2";
			};
			name = Debug;
		};
		B5E7BC4B28F2DD8500896D2A /* Release */ = {
			isa = XCBuildConfiguration;
			buildSettings = {
				ASSETCATALOG_COMPILER_APPICON_NAME = AppIcon;
				ASSETCATALOG_COMPILER_GLOBAL_ACCENT_COLOR_NAME = AccentColor;
				CODE_SIGN_STYLE = Automatic;
				CURRENT_PROJECT_VERSION = 1;
				DEVELOPMENT_TEAM = GQU4PC2XPJ;
				GENERATE_INFOPLIST_FILE = YES;
				INFOPLIST_FILE = Airports/Info.plist;
				INFOPLIST_KEY_NSLocationAlwaysAndWhenInUseUsageDescription = "";
				INFOPLIST_KEY_NSLocationWhenInUseUsageDescription = "";
				INFOPLIST_KEY_UIApplicationSupportsIndirectInputEvents = YES;
				INFOPLIST_KEY_UILaunchStoryboardName = LaunchScreen;
				INFOPLIST_KEY_UISupportedInterfaceOrientations = UIInterfaceOrientationPortrait;
				INFOPLIST_KEY_UISupportedInterfaceOrientations_iPad = "UIInterfaceOrientationPortrait UIInterfaceOrientationPortraitUpsideDown UIInterfaceOrientationLandscapeLeft UIInterfaceOrientationLandscapeRight";
				INFOPLIST_KEY_UISupportedInterfaceOrientations_iPhone = "UIInterfaceOrientationPortrait UIInterfaceOrientationLandscapeLeft UIInterfaceOrientationLandscapeRight";
				IPHONEOS_DEPLOYMENT_TARGET = 15.2;
				LD_RUNPATH_SEARCH_PATHS = (
					"$(inherited)",
					"@executable_path/Frameworks",
				);
				MARKETING_VERSION = 1.0;
				PRODUCT_BUNDLE_IDENTIFIER = "Maksim-Ozhgibecov.Airports";
				PRODUCT_NAME = "$(TARGET_NAME)";
				SWIFT_EMIT_LOC_STRINGS = YES;
				SWIFT_VERSION = 5.0;
				TARGETED_DEVICE_FAMILY = "1,2";
			};
			name = Release;
		};
/* End XCBuildConfiguration section */

/* Begin XCConfigurationList section */
		B5E7BC3028F2DD8300896D2A /* Build configuration list for PBXProject "Airports" */ = {
			isa = XCConfigurationList;
			buildConfigurations = (
				B5E7BC4728F2DD8500896D2A /* Debug */,
				B5E7BC4828F2DD8500896D2A /* Release */,
			);
			defaultConfigurationIsVisible = 0;
			defaultConfigurationName = Release;
		};
		B5E7BC4928F2DD8500896D2A /* Build configuration list for PBXNativeTarget "Airports" */ = {
			isa = XCConfigurationList;
			buildConfigurations = (
				B5E7BC4A28F2DD8500896D2A /* Debug */,
				B5E7BC4B28F2DD8500896D2A /* Release */,
			);
			defaultConfigurationIsVisible = 0;
			defaultConfigurationName = Release;
		};
/* End XCConfigurationList section */

/* Begin XCRemoteSwiftPackageReference section */
		B5E7BC4C28F2DDB300896D2A /* XCRemoteSwiftPackageReference "RxSwift" */ = {
			isa = XCRemoteSwiftPackageReference;
			repositoryURL = "https://github.com/ReactiveX/RxSwift.git";
			requirement = {
				kind = upToNextMinorVersion;
				minimumVersion = 6.5.0;
			};
		};
		B5E7BC5128F2DDF300896D2A /* XCRemoteSwiftPackageReference "Alamofire" */ = {
			isa = XCRemoteSwiftPackageReference;
			repositoryURL = "https://github.com/Alamofire/Alamofire.git";
			requirement = {
				kind = upToNextMinorVersion;
				minimumVersion = 5.6.0;
			};
		};
		B5E7BC5428F2E02D00896D2A /* XCRemoteSwiftPackageReference "RxDataSources" */ = {
			isa = XCRemoteSwiftPackageReference;
			repositoryURL = "https://github.com/RxSwiftCommunity/RxDataSources.git";
			requirement = {
				kind = upToNextMajorVersion;
				minimumVersion = 5.0.0;
			};
		};
/* End XCRemoteSwiftPackageReference section */

/* Begin XCSwiftPackageProductDependency section */
		B5E7BC4D28F2DDB300896D2A /* RxCocoa */ = {
			isa = XCSwiftPackageProductDependency;
			package = B5E7BC4C28F2DDB300896D2A /* XCRemoteSwiftPackageReference "RxSwift" */;
			productName = RxCocoa;
		};
		B5E7BC4F28F2DDB300896D2A /* RxSwift */ = {
			isa = XCSwiftPackageProductDependency;
			package = B5E7BC4C28F2DDB300896D2A /* XCRemoteSwiftPackageReference "RxSwift" */;
			productName = RxSwift;
		};
		B5E7BC5228F2DDF300896D2A /* Alamofire */ = {
			isa = XCSwiftPackageProductDependency;
			package = B5E7BC5128F2DDF300896D2A /* XCRemoteSwiftPackageReference "Alamofire" */;
			productName = Alamofire;
		};
		B5E7BC5528F2E02D00896D2A /* Differentiator */ = {
			isa = XCSwiftPackageProductDependency;
			package = B5E7BC5428F2E02D00896D2A /* XCRemoteSwiftPackageReference "RxDataSources" */;
			productName = Differentiator;
		};
		B5E7BC5728F2E02D00896D2A /* RxDataSources */ = {
			isa = XCSwiftPackageProductDependency;
			package = B5E7BC5428F2E02D00896D2A /* XCRemoteSwiftPackageReference "RxDataSources" */;
			productName = RxDataSources;
		};
/* End XCSwiftPackageProductDependency section */
	};
	rootObject = B5E7BC2D28F2DD8300896D2A /* Project object */;
}
